
Microsoft Visual Studio Solution File, Format Version 12.00
# Visual Studio Version 16
VisualStudioVersion = 16.0.29209.62
MinimumVisualStudioVersion = 10.0.40219.1
Project("{FAE04EC0-301F-11D3-BF4B-00C04F79EFBC}") = "Wolfy", "Wolfy\Wolfy.csproj", "{841E12B8-8FE0-4D01-B2AA-EEA3E9F5516E}"
EndProject
Global
	GlobalSection(SolutionConfigurationPlatforms) = preSolution
		Debug|Any CPU = Debug|Any CPU
		Release|Any CPU = Release|Any CPU
	EndGlobalSection
	GlobalSection(ProjectConfigurationPlatforms) = postSolution
		{841E12B8-8FE0-4D01-B2AA-EEA3E9F5516E}.Debug|Any CPU.ActiveCfg = Debug|Any CPU
		{841E12B8-8FE0-4D01-B2AA-EEA3E9F5516E}.Debug|Any CPU.Build.0 = Debug|Any CPU
		{841E12B8-8FE0-4D01-B2AA-EEA3E9F5516E}.Release|Any CPU.ActiveCfg = Release|Any CPU
		{841E12B8-8FE0-4D01-B2AA-EEA3E9F5516E}.Release|Any CPU.Build.0 = Release|Any CPU
	EndGlobalSection
	GlobalSection(SolutionProperties) = preSolution
		HideSolutionNode = FALSE
	EndGlobalSection
	GlobalSection(ExtensibilityGlobals) = postSolution
		SolutionGuid = {F2B5FBD7-4E7A-439F-9D9B-605622F41774}
	EndGlobalSection
EndGlobal
